
Microsoft Visual Studio Solution File, Format Version 12.00
# Visual Studio Version 16
VisualStudioVersion = 16.0.30225.117
MinimumVisualStudioVersion = 10.0.40219.1
Project("{FAE04EC0-301F-11D3-BF4B-00C04F79EFBC}") = "ArrayLIst", "ArrayLIst.csproj", "{8A6470FA-8D5B-4D26-8433-A5688E70BB58}"
EndProject
Global
	GlobalSection(SolutionConfigurationPlatforms) = preSolution
		Debug|Any CPU = Debug|Any CPU
		Release|Any CPU = Release|Any CPU
	EndGlobalSection
	GlobalSection(ProjectConfigurationPlatforms) = postSolution
		{8A6470FA-8D5B-4D26-8433-A5688E70BB58}.Debug|Any CPU.ActiveCfg = Debug|Any CPU
		{8A6470FA-8D5B-4D26-8433-A5688E70BB58}.Debug|Any CPU.Build.0 = Debug|Any CPU
		{8A6470FA-8D5B-4D26-8433-A5688E70BB58}.Release|Any CPU.ActiveCfg = Release|Any CPU
		{8A6470FA-8D5B-4D26-8433-A5688E70BB58}.Release|Any CPU.Build.0 = Release|Any CPU
	EndGlobalSection
	GlobalSection(SolutionProperties) = preSolution
		HideSolutionNode = FALSE
	EndGlobalSection
	GlobalSection(ExtensibilityGlobals) = postSolution
		SolutionGuid = {08FB4C26-8E33-49AC-B177-176B2EBA6727}
	EndGlobalSection
EndGlobal
